
Microsoft Visual Studio Solution File, Format Version 12.00
# Visual Studio Version 17
VisualStudioVersion = 17.3.32819.101
MinimumVisualStudioVersion = 10.0.40219.1
Project("{2150E333-8FDC-42A3-9474-1A3956D46DE8}") = "1- Layers", "1- Layers", "{99D5F1D6-6130-4AAB-B4E4-FF125401C5FB}"
EndProject
Project("{2150E333-8FDC-42A3-9474-1A3956D46DE8}") = "1.1 Distributed Services", "1.1 Distributed Services", "{251629EA-CC26-43EB-99ED-9149D6BBEDBE}"
EndProject
Project("{2150E333-8FDC-42A3-9474-1A3956D46DE8}") = "1.2 Aplication", "1.2 Aplication", "{A25B871E-8315-4923-B685-F5AFA34AEF14}"
EndProject
Project("{2150E333-8FDC-42A3-9474-1A3956D46DE8}") = "1.3 Bussines", "1.3 Bussines", "{2E31ED8E-F001-4642-8425-42A88D77F011}"
EndProject
Project("{2150E333-8FDC-42A3-9474-1A3956D46DE8}") = "1.4 DataAccess", "1.4 DataAccess", "{B6581750-00C5-4AB5-9B68-35CFD0C7F96E}"
EndProject
Project("{2150E333-8FDC-42A3-9474-1A3956D46DE8}") = "1.5 Cross Cutting", "1.5 Cross Cutting", "{E694BDB5-C728-45F6-8CDE-07D99861ECB4}"
EndProject
Project("{9A19103F-16F7-4668-BE54-9A1E7A4F7556}") = "WebApi", "WebApi\WebApi.csproj", "{92F6FFCE-2046-4B06-9442-82482D24742B}"
EndProject
Project("{9A19103F-16F7-4668-BE54-9A1E7A4F7556}") = "Proyecto.Api.Application", "Proyecto.Api.Application\Proyecto.Api.Application.csproj", "{E5563640-2E0B-4FAC-A032-ECFA6FAF1748}"
EndProject
Project("{9A19103F-16F7-4668-BE54-9A1E7A4F7556}") = "Proyecto.Api.Application.Contracts", "Proyecto.Api.Application.Contracts\Proyecto.Api.Application.Contracts.csproj", "{2D52E477-CF31-461A-8B74-D6A097E328ED}"
EndProject
Project("{9A19103F-16F7-4668-BE54-9A1E7A4F7556}") = "Proyecto.Api.Business", "Proyecto.Api.Business\Proyecto.Api.Business.csproj", "{86552101-C0AE-482F-8FBA-6F45173136B1}"
EndProject
Project("{9A19103F-16F7-4668-BE54-9A1E7A4F7556}") = "Proyecto.Api.DataAccess", "Proyecto.Api.DataAccess\Proyecto.Api.DataAccess.csproj", "{8F9FA358-B6F3-4E61-AD57-9AFC9BE0606E}"
EndProject
Project("{9A19103F-16F7-4668-BE54-9A1E7A4F7556}") = "Proyecto.Api.DataAccess.Contracts", "Proyecto.Api.DataAccess.Contracts\Proyecto.Api.DataAccess.Contracts.csproj", "{2432EC5B-7199-49DF-91BB-E2A322CA9839}"
EndProject
Project("{9A19103F-16F7-4668-BE54-9A1E7A4F7556}") = "Proyecto.Api.CrossCutting", "Proyecto.Api.CrossCutting\Proyecto.Api.CrossCutting.csproj", "{3B8C2D39-A6A1-4112-B3EA-0E364B34C393}"
EndProject
Global
	GlobalSection(SolutionConfigurationPlatforms) = preSolution
		Debug|Any CPU = Debug|Any CPU
		Release|Any CPU = Release|Any CPU
	EndGlobalSection
	GlobalSection(ProjectConfigurationPlatforms) = postSolution
		{92F6FFCE-2046-4B06-9442-82482D24742B}.Debug|Any CPU.ActiveCfg = Debug|Any CPU
		{92F6FFCE-2046-4B06-9442-82482D24742B}.Debug|Any CPU.Build.0 = Debug|Any CPU
		{92F6FFCE-2046-4B06-9442-82482D24742B}.Release|Any CPU.ActiveCfg = Release|Any CPU
		{92F6FFCE-2046-4B06-9442-82482D24742B}.Release|Any CPU.Build.0 = Release|Any CPU
		{E5563640-2E0B-4FAC-A032-ECFA6FAF1748}.Debug|Any CPU.ActiveCfg = Debug|Any CPU
		{E5563640-2E0B-4FAC-A032-ECFA6FAF1748}.Debug|Any CPU.Build.0 = Debug|Any CPU
		{E5563640-2E0B-4FAC-A032-ECFA6FAF1748}.Release|Any CPU.ActiveCfg = Release|Any CPU
		{E5563640-2E0B-4FAC-A032-ECFA6FAF1748}.Release|Any CPU.Build.0 = Release|Any CPU
		{2D52E477-CF31-461A-8B74-D6A097E328ED}.Debug|Any CPU.ActiveCfg = Debug|Any CPU
		{2D52E477-CF31-461A-8B74-D6A097E328ED}.Debug|Any CPU.Build.0 = Debug|Any CPU
		{2D52E477-CF31-461A-8B74-D6A097E328ED}.Release|Any CPU.ActiveCfg = Release|Any CPU
		{2D52E477-CF31-461A-8B74-D6A097E328ED}.Release|Any CPU.Build.0 = Release|Any CPU
		{86552101-C0AE-482F-8FBA-6F45173136B1}.Debug|Any CPU.ActiveCfg = Debug|Any CPU
		{86552101-C0AE-482F-8FBA-6F45173136B1}.Debug|Any CPU.Build.0 = Debug|Any CPU
		{86552101-C0AE-482F-8FBA-6F45173136B1}.Release|Any CPU.ActiveCfg = Release|Any CPU
		{86552101-C0AE-482F-8FBA-6F45173136B1}.Release|Any CPU.Build.0 = Release|Any CPU
		{8F9FA358-B6F3-4E61-AD57-9AFC9BE0606E}.Debug|Any CPU.ActiveCfg = Debug|Any CPU
		{8F9FA358-B6F3-4E61-AD57-9AFC9BE0606E}.Debug|Any CPU.Build.0 = Debug|Any CPU
		{8F9FA358-B6F3-4E61-AD57-9AFC9BE0606E}.Release|Any CPU.ActiveCfg = Release|Any CPU
		{8F9FA358-B6F3-4E61-AD57-9AFC9BE0606E}.Release|Any CPU.Build.0 = Release|Any CPU
		{2432EC5B-7199-49DF-91BB-E2A322CA9839}.Debug|Any CPU.ActiveCfg = Debug|Any CPU
		{2432EC5B-7199-49DF-91BB-E2A322CA9839}.Debug|Any CPU.Build.0 = Debug|Any CPU
		{2432EC5B-7199-49DF-91BB-E2A322CA9839}.Release|Any CPU.ActiveCfg = Release|Any CPU
		{2432EC5B-7199-49DF-91BB-E2A322CA9839}.Release|Any CPU.Build.0 = Release|Any CPU
		{3B8C2D39-A6A1-4112-B3EA-0E364B34C393}.Debug|Any CPU.ActiveCfg = Debug|Any CPU
		{3B8C2D39-A6A1-4112-B3EA-0E364B34C393}.Debug|Any CPU.Build.0 = Debug|Any CPU
		{3B8C2D39-A6A1-4112-B3EA-0E364B34C393}.Release|Any CPU.ActiveCfg = Release|Any CPU
		{3B8C2D39-A6A1-4112-B3EA-0E364B34C393}.Release|Any CPU.Build.0 = Release|Any CPU
	EndGlobalSection
	GlobalSection(SolutionProperties) = preSolution
		HideSolutionNode = FALSE
	EndGlobalSection
	GlobalSection(NestedProjects) = preSolution
		{251629EA-CC26-43EB-99ED-9149D6BBEDBE} = {99D5F1D6-6130-4AAB-B4E4-FF125401C5FB}
		{A25B871E-8315-4923-B685-F5AFA34AEF14} = {99D5F1D6-6130-4AAB-B4E4-FF125401C5FB}
		{2E31ED8E-F001-4642-8425-42A88D77F011} = {99D5F1D6-6130-4AAB-B4E4-FF125401C5FB}
		{B6581750-00C5-4AB5-9B68-35CFD0C7F96E} = {99D5F1D6-6130-4AAB-B4E4-FF125401C5FB}
		{E694BDB5-C728-45F6-8CDE-07D99861ECB4} = {99D5F1D6-6130-4AAB-B4E4-FF125401C5FB}
		{92F6FFCE-2046-4B06-9442-82482D24742B} = {251629EA-CC26-43EB-99ED-9149D6BBEDBE}
		{E5563640-2E0B-4FAC-A032-ECFA6FAF1748} = {A25B871E-8315-4923-B685-F5AFA34AEF14}
		{2D52E477-CF31-461A-8B74-D6A097E328ED} = {A25B871E-8315-4923-B685-F5AFA34AEF14}
		{86552101-C0AE-482F-8FBA-6F45173136B1} = {2E31ED8E-F001-4642-8425-42A88D77F011}
		{8F9FA358-B6F3-4E61-AD57-9AFC9BE0606E} = {B6581750-00C5-4AB5-9B68-35CFD0C7F96E}
		{2432EC5B-7199-49DF-91BB-E2A322CA9839} = {B6581750-00C5-4AB5-9B68-35CFD0C7F96E}
		{3B8C2D39-A6A1-4112-B3EA-0E364B34C393} = {E694BDB5-C728-45F6-8CDE-07D99861ECB4}
	EndGlobalSection
	GlobalSection(ExtensibilityGlobals) = postSolution
		SolutionGuid = {D4CDD3D7-322C-4FF4-AD7F-1C57631F8221}
	EndGlobalSection
EndGlobal
